PODS:
  - Alamofire (3.2.0)
  - AlamofireImage (2.3.1):
    - Alamofire (~> 3.2)
  - BFDragGestureRecognizer (1.1.0)
  - Bolts (1.6.0):
    - Bolts/AppLinks (= 1.6.0)
    - Bolts/Tasks (= 1.6.0)
  - Bolts/AppLinks (1.6.0):
    - Bolts/Tasks
  - Bolts/Tasks (1.6.0)
  - FBSDKCoreKit (4.10.0):
    - Bolts (~> 1.5)
  - Font-Awesome-Swift (1.4.5)
  - GestureRecognizerClosures (2.3.0)
  - Parse (1.12.0):
    - Bolts/Tasks (~> 1.5)
  - XCGLogger (3.2)

DEPENDENCIES:
  - Alamofire
  - AlamofireImage
  - BFDragGestureRecognizer
  - FBSDKCoreKit
  - Font-Awesome-Swift
  - GestureRecognizerClosures
  - Parse
  - XCGLogger

SPEC CHECKSUMS:
  Alamofire: 4da478599fccddff361205c8929333d7fe18dceb
  AlamofireImage: e52336282757bbe1644f075d6cb85f19c891f939
  BFDragGestureRecognizer: 12ad65373fe384c4ae61079f65125b8b468babcc
  Bolts: f52a250053bb517ca874523c3913776359ab3def
  FBSDKCoreKit: 13bec8373fb3af94d44daf2aa1e0958687897fbd
  Font-Awesome-Swift: 0af30357ab68dbcfa2d211254a5c11a158261112
  GestureRecognizerClosures: 00ee582c0f385b74b2381bd5e2b3241f1f71cf9f
  Parse: de2c52a9a1421b91ae7594ab8ce191afd184f19b
  XCGLogger: da1f341f4bb8979db6e1df64232f04d9698402d4

COCOAPODS: 0.39.0
