// !$*UTF8*$!
{
	archiveVersion = 1;
	classes = {
	};
	objectVersion = 46;
	objects = {

/* Begin PBXBuildFile section */
		0211828E7343104A361A50C7 /* Pods.framework in Frameworks */ = {isa = PBXBuildFile; fileRef = E3156C65C8EBB2DA8F4BCAA9 /* Pods.framework */; };
		1C1699A61BF6623300339DF4 /* AppDelegate.swift in Sources */ = {isa = PBXBuildFile; fileRef = 1C1699A51BF6623300339DF4 /* AppDelegate.swift */; };
		1C1699A81BF6623300339DF4 /* ViewController.swift in Sources */ = {isa = PBXBuildFile; fileRef = 1C1699A71BF6623300339DF4 /* ViewController.swift */; };
		1C1699AB1BF6623300339DF4 /* Main.storyboard in Resources */ = {isa = PBXBuildFile; fileRef = 1C1699A91BF6623300339DF4 /* Main.storyboard */; };
		1C1699AD1BF6623300339DF4 /* Assets.xcassets in Resources */ = {isa = PBXBuildFile; fileRef = 1C1699AC1BF6623300339DF4 /* Assets.xcassets */; };
		1C1699B01BF6623300339DF4 /* LaunchScreen.storyboard in Resources */ = {isa = PBXBuildFile; fileRef = 1C1699AE1BF6623300339DF4 /* LaunchScreen.storyboard */; };
		1C1699BB1BF6623300339DF4 /* TourMapTests.swift in Sources */ = {isa = PBXBuildFile; fileRef = 1C1699BA1BF6623300339DF4 /* TourMapTests.swift */; };
		1C1699C61BF6623300339DF4 /* TourMapUITests.swift in Sources */ = {isa = PBXBuildFile; fileRef = 1C1699C51BF6623300339DF4 /* TourMapUITests.swift */; };
		1CA797481C0D796A0015FF51 /* TMEvent.swift in Sources */ = {isa = PBXBuildFile; fileRef = 1CA797471C0D796A0015FF51 /* TMEvent.swift */; };
		1CA797491C0D796A0015FF51 /* TMEvent.swift in Sources */ = {isa = PBXBuildFile; fileRef = 1CA797471C0D796A0015FF51 /* TMEvent.swift */; };
		1CA7974B1C0D7D7A0015FF51 /* TMGraphical.swift in Sources */ = {isa = PBXBuildFile; fileRef = 1CA7974A1C0D7D7A0015FF51 /* TMGraphical.swift */; };
		1CA7974C1C0D7D7A0015FF51 /* TMGraphical.swift in Sources */ = {isa = PBXBuildFile; fileRef = 1CA7974A1C0D7D7A0015FF51 /* TMGraphical.swift */; };
		1CA7974E1C0D96580015FF51 /* UIImageView+Extension.swift in Sources */ = {isa = PBXBuildFile; fileRef = 1CA7974D1C0D96570015FF51 /* UIImageView+Extension.swift */; };
		1CA7974F1C0D96590015FF51 /* UIImageView+Extension.swift in Sources */ = {isa = PBXBuildFile; fileRef = 1CA7974D1C0D96570015FF51 /* UIImageView+Extension.swift */; };
/* End PBXBuildFile section */

/* Begin PBXContainerItemProxy section */
		1C1699B71BF6623300339DF4 /* PBXContainerItemProxy */ = {
			isa = PBXContainerItemProxy;
			containerPortal = 1C16999A1BF6623300339DF4 /* Project object */;
			proxyType = 1;
			remoteGlobalIDString = 1C1699A11BF6623300339DF4;
			remoteInfo = TourMap;
		};
		1C1699C21BF6623300339DF4 /* PBXContainerItemProxy */ = {
			isa = PBXContainerItemProxy;
			containerPortal = 1C16999A1BF6623300339DF4 /* Project object */;
			proxyType = 1;
			remoteGlobalIDString = 1C1699A11BF6623300339DF4;
			remoteInfo = TourMap;
		};
/* End PBXContainerItemProxy section */

/* Begin PBXFileReference section */
		08FF4725F9908413608468CC /* Pods.debug.xcconfig */ = {isa = PBXFileReference; includeInIndex = 1; lastKnownFileType = text.xcconfig; name = Pods.debug.xcconfig; path = "Pods/Target Support Files/Pods/Pods.debug.xcconfig"; sourceTree = "<group>"; };
		1C1699A21BF6623300339DF4 /* TourMap.app */ = {isa = PBXFileReference; explicitFileType = wrapper.application; includeInIndex = 0; path = TourMap.app; sourceTree = BUILT_PRODUCTS_DIR; };
		1C1699A51BF6623300339DF4 /* AppDelegate.swift */ = {isa = PBXFileReference; lastKnownFileType = sourcecode.swift; path = AppDelegate.swift; sourceTree = "<group>"; };
		1C1699A71BF6623300339DF4 /* ViewController.swift */ = {isa = PBXFileReference; lastKnownFileType = sourcecode.swift; path = ViewController.swift; sourceTree = "<group>"; };
		1C1699AA1BF6623300339DF4 /* Base */ = {isa = PBXFileReference; lastKnownFileType = file.storyboard; name = Base; path = Base.lproj/Main.storyboard; sourceTree = "<group>"; };
		1C1699AC1BF6623300339DF4 /* Assets.xcassets */ = {isa = PBXFileReference; lastKnownFileType = folder.assetcatalog; path = Assets.xcassets; sourceTree = "<group>"; };
		1C1699AF1BF6623300339DF4 /* Base */ = {isa = PBXFileReference; lastKnownFileType = file.storyboard; name = Base; path = Base.lproj/LaunchScreen.storyboard; sourceTree = "<group>"; };
		1C1699B11BF6623300339DF4 /* Info.plist */ = {isa = PBXFileReference; lastKnownFileType = text.plist.xml; path = Info.plist; sourceTree = "<group>"; };
		1C1699B61BF6623300339DF4 /* TourMapTests.xctest */ = {isa = PBXFileReference; explicitFileType = wrapper.cfbundle; includeInIndex = 0; path = TourMapTests.xctest; sourceTree = BUILT_PRODUCTS_DIR; };
		1C1699BA1BF6623300339DF4 /* TourMapTests.swift */ = {isa = PBXFileReference; lastKnownFileType = sourcecode.swift; path = TourMapTests.swift; sourceTree = "<group>"; };
		1C1699BC1BF6623300339DF4 /* Info.plist */ = {isa = PBXFileReference; lastKnownFileType = text.plist.xml; path = Info.plist; sourceTree = "<group>"; };
		1C1699C11BF6623300339DF4 /* TourMapUITests.xctest */ = {isa = PBXFileReference; explicitFileType = wrapper.cfbundle; includeInIndex = 0; path = TourMapUITests.xctest; sourceTree = BUILT_PRODUCTS_DIR; };
		1C1699C51BF6623300339DF4 /* TourMapUITests.swift */ = {isa = PBXFileReference; lastKnownFileType = sourcecode.swift; path = TourMapUITests.swift; sourceTree = "<group>"; };
		1C1699C71BF6623300339DF4 /* Info.plist */ = {isa = PBXFileReference; lastKnownFileType = text.plist.xml; path = Info.plist; sourceTree = "<group>"; };
		1CA797471C0D796A0015FF51 /* TMEvent.swift */ = {isa = PBXFileReference; fileEncoding = 4; lastKnownFileType = sourcecode.swift; path = TMEvent.swift; sourceTree = "<group>"; };
		1CA7974A1C0D7D7A0015FF51 /* TMGraphical.swift */ = {isa = PBXFileReference; fileEncoding = 4; lastKnownFileType = sourcecode.swift; path = TMGraphical.swift; sourceTree = "<group>"; };
		1CA7974D1C0D96570015FF51 /* UIImageView+Extension.swift */ = {isa = PBXFileReference; fileEncoding = 4; lastKnownFileType = sourcecode.swift; path = "UIImageView+Extension.swift"; sourceTree = "<group>"; };
		1CB37B321BF676190056B6CA /* TourMap-Briding-Header.h */ = {isa = PBXFileReference; fileEncoding = 4; lastKnownFileType = sourcecode.c.h; path = "TourMap-Briding-Header.h"; sourceTree = "<group>"; };
		6F1596E94FDC6764EBA705B6 /* Pods.release.xcconfig */ = {isa = PBXFileReference; includeInIndex = 1; lastKnownFileType = text.xcconfig; name = Pods.release.xcconfig; path = "Pods/Target Support Files/Pods/Pods.release.xcconfig"; sourceTree = "<group>"; };
		E3156C65C8EBB2DA8F4BCAA9 /* Pods.framework */ = {isa = PBXFileReference; explicitFileType = wrapper.framework; includeInIndex = 0; path = Pods.framework; sourceTree = BUILT_PRODUCTS_DIR; };
/* End PBXFileReference section */

/* Begin PBXFrameworksBuildPhase section */
		1C16999F1BF6623300339DF4 /* Frameworks */ = {
			isa = PBXFrameworksBuildPhase;
			buildActionMask = 2147483647;
			files = (
				0211828E7343104A361A50C7 /* Pods.framework in Frameworks */,
			);
			runOnlyForDeploymentPostprocessing = 0;
		};
		1C1699B31BF6623300339DF4 /* Frameworks */ = {
			isa = PBXFrameworksBuildPhase;
			buildActionMask = 2147483647;
			files = (
			);
			runOnlyForDeploymentPostprocessing = 0;
		};
		1C1699BE1BF6623300339DF4 /* Frameworks */ = {
			isa = PBXFrameworksBuildPhase;
			buildActionMask = 2147483647;
			files = (
			);
			runOnlyForDeploymentPostprocessing = 0;
		};
/* End PBXFrameworksBuildPhase section */

/* Begin PBXGroup section */
		1C1699991BF6623300339DF4 = {
			isa = PBXGroup;
			children = (
				1C1699A41BF6623300339DF4 /* TourMap */,
				1C1699B91BF6623300339DF4 /* TourMapTests */,
				1C1699C41BF6623300339DF4 /* TourMapUITests */,
				1C1699A31BF6623300339DF4 /* Products */,
				2473D94842560BD58FDC3638 /* Pods */,
				A0F18DDEE670356658F64AE6 /* Frameworks */,
			);
			sourceTree = "<group>";
		};
		1C1699A31BF6623300339DF4 /* Products */ = {
			isa = PBXGroup;
			children = (
				1C1699A21BF6623300339DF4 /* TourMap.app */,
				1C1699B61BF6623300339DF4 /* TourMapTests.xctest */,
				1C1699C11BF6623300339DF4 /* TourMapUITests.xctest */,
			);
			name = Products;
			sourceTree = "<group>";
		};
		1C1699A41BF6623300339DF4 /* TourMap */ = {
			isa = PBXGroup;
			children = (
				1CA797461C0D79230015FF51 /* Objects */,
				1C1699A51BF6623300339DF4 /* AppDelegate.swift */,
				1C1699A71BF6623300339DF4 /* ViewController.swift */,
				1CA7974D1C0D96570015FF51 /* UIImageView+Extension.swift */,
				1C1699A91BF6623300339DF4 /* Main.storyboard */,
				1CB37B321BF676190056B6CA /* TourMap-Briding-Header.h */,
				1C1699AC1BF6623300339DF4 /* Assets.xcassets */,
				1C1699AE1BF6623300339DF4 /* LaunchScreen.storyboard */,
				1C1699B11BF6623300339DF4 /* Info.plist */,
			);
			path = TourMap;
			sourceTree = "<group>";
		};
		1C1699B91BF6623300339DF4 /* TourMapTests */ = {
			isa = PBXGroup;
			children = (
				1C1699BA1BF6623300339DF4 /* TourMapTests.swift */,
				1C1699BC1BF6623300339DF4 /* Info.plist */,
			);
			path = TourMapTests;
			sourceTree = "<group>";
		};
		1C1699C41BF6623300339DF4 /* TourMapUITests */ = {
			isa = PBXGroup;
			children = (
				1C1699C51BF6623300339DF4 /* TourMapUITests.swift */,
				1C1699C71BF6623300339DF4 /* Info.plist */,
			);
			path = TourMapUITests;
			sourceTree = "<group>";
		};
		1CA797461C0D79230015FF51 /* Objects */ = {
			isa = PBXGroup;
			children = (
				1CA797471C0D796A0015FF51 /* TMEvent.swift */,
				1CA7974A1C0D7D7A0015FF51 /* TMGraphical.swift */,
			);
			name = Objects;
			sourceTree = "<group>";
		};
		2473D94842560BD58FDC3638 /* Pods */ = {
			isa = PBXGroup;
			children = (
				08FF4725F9908413608468CC /* Pods.debug.xcconfig */,
				6F1596E94FDC6764EBA705B6 /* Pods.release.xcconfig */,
			);
			name = Pods;
			sourceTree = "<group>";
		};
		A0F18DDEE670356658F64AE6 /* Frameworks */ = {
			isa = PBXGroup;
			children = (
				E3156C65C8EBB2DA8F4BCAA9 /* Pods.framework */,
			);
			name = Frameworks;
			sourceTree = "<group>";
		};
/* End PBXGroup section */

/* Begin PBXNativeTarget section */
		1C1699A11BF6623300339DF4 /* TourMap */ = {
			isa = PBXNativeTarget;
			buildConfigurationList = 1C1699CA1BF6623300339DF4 /* Build configuration list for PBXNativeTarget "TourMap" */;
			buildPhases = (
				3E48AD5AA3D75630C599C919 /* Check Pods Manifest.lock */,
				1C16999E1BF6623300339DF4 /* Sources */,
				1C16999F1BF6623300339DF4 /* Frameworks */,
				1C1699A01BF6623300339DF4 /* Resources */,
				6AFF1BF17980689EDFC86DA7 /* Embed Pods Frameworks */,
				310FF93C60F3DF6D7918CF3D /* Copy Pods Resources */,
			);
			buildRules = (
			);
			dependencies = (
			);
			name = TourMap;
			productName = TourMap;
			productReference = 1C1699A21BF6623300339DF4 /* TourMap.app */;
			productType = "com.apple.product-type.application";
		};
		1C1699B51BF6623300339DF4 /* TourMapTests */ = {
			isa = PBXNativeTarget;
			buildConfigurationList = 1C1699CD1BF6623300339DF4 /* Build configuration list for PBXNativeTarget "TourMapTests" */;
			buildPhases = (
				1C1699B21BF6623300339DF4 /* Sources */,
				1C1699B31BF6623300339DF4 /* Frameworks */,
				1C1699B41BF6623300339DF4 /* Resources */,
			);
			buildRules = (
			);
			dependencies = (
				1C1699B81BF6623300339DF4 /* PBXTargetDependency */,
			);
			name = TourMapTests;
			productName = TourMapTests;
			productReference = 1C1699B61BF6623300339DF4 /* TourMapTests.xctest */;
			productType = "com.apple.product-type.bundle.unit-test";
		};
		1C1699C01BF6623300339DF4 /* TourMapUITests */ = {
			isa = PBXNativeTarget;
			buildConfigurationList = 1C1699D01BF6623300339DF4 /* Build configuration list for PBXNativeTarget "TourMapUITests" */;
			buildPhases = (
				1C1699BD1BF6623300339DF4 /* Sources */,
				1C1699BE1BF6623300339DF4 /* Frameworks */,
				1C1699BF1BF6623300339DF4 /* Resources */,
			);
			buildRules = (
			);
			dependencies = (
				1C1699C31BF6623300339DF4 /* PBXTargetDependency */,
			);
			name = TourMapUITests;
			productName = TourMapUITests;
			productReference = 1C1699C11BF6623300339DF4 /* TourMapUITests.xctest */;
			productType = "com.apple.product-type.bundle.ui-testing";
		};
/* End PBXNativeTarget section */

/* Begin PBXProject section */
		1C16999A1BF6623300339DF4 /* Project object */ = {
			isa = PBXProject;
			attributes = {
				CLASSPREFIX = TM;
				LastSwiftUpdateCheck = 0710;
				LastUpgradeCheck = 0710;
				ORGANIZATIONNAME = "Soleil Studio";
				TargetAttributes = {
					1C1699A11BF6623300339DF4 = {
						CreatedOnToolsVersion = 7.1.1;
						DevelopmentTeam = 8DCXL25R37;
					};
					1C1699B51BF6623300339DF4 = {
						CreatedOnToolsVersion = 7.1.1;
						TestTargetID = 1C1699A11BF6623300339DF4;
					};
					1C1699C01BF6623300339DF4 = {
						CreatedOnToolsVersion = 7.1.1;
						TestTargetID = 1C1699A11BF6623300339DF4;
					};
				};
			};
			buildConfigurationList = 1C16999D1BF6623300339DF4 /* Build configuration list for PBXProject "TourMap" */;
			compatibilityVersion = "Xcode 3.2";
			developmentRegion = English;
			hasScannedForEncodings = 0;
			knownRegions = (
				en,
				Base,
			);
			mainGroup = 1C1699991BF6623300339DF4;
			productRefGroup = 1C1699A31BF6623300339DF4 /* Products */;
			projectDirPath = "";
			projectRoot = "";
			targets = (
				1C1699A11BF6623300339DF4 /* TourMap */,
				1C1699B51BF6623300339DF4 /* TourMapTests */,
				1C1699C01BF6623300339DF4 /* TourMapUITests */,
			);
		};
/* End PBXProject section */

/* Begin PBXResourcesBuildPhase section */
		1C1699A01BF6623300339DF4 /* Resources */ = {
			isa = PBXResourcesBuildPhase;
			buildActionMask = 2147483647;
			files = (
				1C1699B01BF6623300339DF4 /* LaunchScreen.storyboard in Resources */,
				1C1699AD1BF6623300339DF4 /* Assets.xcassets in Resources */,
				1C1699AB1BF6623300339DF4 /* Main.storyboard in Resources */,
			);
			runOnlyForDeploymentPostprocessing = 0;
		};
		1C1699B41BF6623300339DF4 /* Resources */ = {
			isa = PBXResourcesBuildPhase;
			buildActionMask = 2147483647;
			files = (
			);
			runOnlyForDeploymentPostprocessing = 0;
		};
		1C1699BF1BF6623300339DF4 /* Resources */ = {
			isa = PBXResourcesBuildPhase;
			buildActionMask = 2147483647;
			files = (
			);
			runOnlyForDeploymentPostprocessing = 0;
		};
/* End PBXResourcesBuildPhase section */

/* Begin PBXShellScriptBuildPhase section */
		310FF93C60F3DF6D7918CF3D /* Copy Pods Resources */ = {
			isa = PBXShellScriptBuildPhase;
			buildActionMask = 2147483647;
			files = (
			);
			inputPaths = (
			);
			name = "Copy Pods Resources";
			outputPaths = (
			);
			runOnlyForDeploymentPostprocessing = 0;
			shellPath = /bin/sh;
			shellScript = "\"${SRCROOT}/Pods/Target Support Files/Pods/Pods-resources.sh\"\n";
			showEnvVarsInLog = 0;
		};
		3E48AD5AA3D75630C599C919 /* Check Pods Manifest.lock */ = {
			isa = PBXShellScriptBuildPhase;
			buildActionMask = 2147483647;
			files = (
			);
			inputPaths = (
			);
			name = "Check Pods Manifest.lock";
			outputPaths = (
			);
			runOnlyForDeploymentPostprocessing = 0;
			shellPath = /bin/sh;
			shellScript = "diff \"${PODS_ROOT}/../Podfile.lock\" \"${PODS_ROOT}/Manifest.lock\" > /dev/null\nif [[ $? != 0 ]] ; then\n    cat << EOM\nerror: The sandbox is not in sync with the Podfile.lock. Run 'pod install' or update your CocoaPods installation.\nEOM\n    exit 1\nfi\n";
			showEnvVarsInLog = 0;
		};
		6AFF1BF17980689EDFC86DA7 /* Embed Pods Frameworks */ = {
			isa = PBXShellScriptBuildPhase;
			buildActionMask = 2147483647;
			files = (
			);
			inputPaths = (
			);
			name = "Embed Pods Frameworks";
			outputPaths = (
			);
			runOnlyForDeploymentPostprocessing = 0;
			shellPath = /bin/sh;
			shellScript = "\"${SRCROOT}/Pods/Target Support Files/Pods/Pods-frameworks.sh\"\n";
			showEnvVarsInLog = 0;
		};
/* End PBXShellScriptBuildPhase section */

/* Begin PBXSourcesBuildPhase section */
		1C16999E1BF6623300339DF4 /* Sources */ = {
			isa = PBXSourcesBuildPhase;
			buildActionMask = 2147483647;
			files = (
				1CA7974B1C0D7D7A0015FF51 /* TMGraphical.swift in Sources */,
				1C1699A81BF6623300339DF4 /* ViewController.swift in Sources */,
				1CA7974E1C0D96580015FF51 /* UIImageView+Extension.swift in Sources */,
				1CA797481C0D796A0015FF51 /* TMEvent.swift in Sources */,
				1C1699A61BF6623300339DF4 /* AppDelegate.swift in Sources */,
			);
			runOnlyForDeploymentPostprocessing = 0;
		};
		1C1699B21BF6623300339DF4 /* Sources */ = {
			isa = PBXSourcesBuildPhase;
			buildActionMask = 2147483647;
			files = (
				1CA7974C1C0D7D7A0015FF51 /* TMGraphical.swift in Sources */,
				1CA797491C0D796A0015FF51 /* TMEvent.swift in Sources */,
				1C1699BB1BF6623300339DF4 /* TourMapTests.swift in Sources */,
				1CA7974F1C0D96590015FF51 /* UIImageView+Extension.swift in Sources */,
			);
			runOnlyForDeploymentPostprocessing = 0;
		};
		1C1699BD1BF6623300339DF4 /* Sources */ = {
			isa = PBXSourcesBuildPhase;
			buildActionMask = 2147483647;
			files = (
				1C1699C61BF6623300339DF4 /* TourMapUITests.swift in Sources */,
			);
			runOnlyForDeploymentPostprocessing = 0;
		};
/* End PBXSourcesBuildPhase section */

/* Begin PBXTargetDependency section */
		1C1699B81BF6623300339DF4 /* PBXTargetDependency */ = {
			isa = PBXTargetDependency;
			target = 1C1699A11BF6623300339DF4 /* TourMap */;
			targetProxy = 1C1699B71BF6623300339DF4 /* PBXContainerItemProxy */;
		};
		1C1699C31BF6623300339DF4 /* PBXTargetDependency */ = {
			isa = PBXTargetDependency;
			target = 1C1699A11BF6623300339DF4 /* TourMap */;
			targetProxy = 1C1699C21BF6623300339DF4 /* PBXContainerItemProxy */;
		};
/* End PBXTargetDependency section */

/* Begin PBXVariantGroup section */
		1C1699A91BF6623300339DF4 /* Main.storyboard */ = {
			isa = PBXVariantGroup;
			children = (
				1C1699AA1BF6623300339DF4 /* Base */,
			);
			name = Main.storyboard;
			sourceTree = "<group>";
		};
		1C1699AE1BF6623300339DF4 /* LaunchScreen.storyboard */ = {
			isa = PBXVariantGroup;
			children = (
				1C1699AF1BF6623300339DF4 /* Base */,
			);
			name = LaunchScreen.storyboard;
			sourceTree = "<group>";
		};
/* End PBXVariantGroup section */

/* Begin XCBuildConfiguration section */
		1C1699C81BF6623300339DF4 /* Debug */ = {
			isa = XCBuildConfiguration;
			buildSettings = {
				ALWAYS_SEARCH_USER_PATHS = NO;
				CLANG_CXX_LANGUAGE_STANDARD = "gnu++0x";
				CLANG_CXX_LIBRARY = "libc++";
				CLANG_ENABLE_MODULES = YES;
				CLANG_ENABLE_OBJC_ARC = YES;
				CLANG_WARN_BOOL_CONVERSION = YES;
				CLANG_WARN_CONSTANT_CONVERSION = YES;
				CLANG_WARN_DIRECT_OBJC_ISA_USAGE = YES_ERROR;
				CLANG_WARN_EMPTY_BODY = YES;
				CLANG_WARN_ENUM_CONVERSION = YES;
				CLANG_WARN_INT_CONVERSION = YES;
				CLANG_WARN_OBJC_ROOT_CLASS = YES_ERROR;
				CLANG_WARN_UNREACHABLE_CODE = YES;
				CLANG_WARN__DUPLICATE_METHOD_MATCH = YES;
				"CODE_SIGN_IDENTITY[sdk=iphoneos*]" = "iPhone Developer";
				COPY_PHASE_STRIP = NO;
				DEBUG_INFORMATION_FORMAT = dwarf;
				ENABLE_STRICT_OBJC_MSGSEND = YES;
				ENABLE_TESTABILITY = YES;
				GCC_C_LANGUAGE_STANDARD = gnu99;
				GCC_DYNAMIC_NO_PIC = NO;
				GCC_NO_COMMON_BLOCKS = YES;
				GCC_OPTIMIZATION_LEVEL = 0;
				GCC_PREPROCESSOR_DEFINITIONS = (
					"DEBUG=1",
					"$(inherited)",
				);
				GCC_WARN_64_TO_32_BIT_CONVERSION = YES;
				GCC_WARN_ABOUT_RETURN_TYPE = YES_ERROR;
				GCC_WARN_UNDECLARED_SELECTOR = YES;
				GCC_WARN_UNINITIALIZED_AUTOS = YES_AGGRESSIVE;
				GCC_WARN_UNUSED_FUNCTION = YES;
				GCC_WARN_UNUSED_VARIABLE = YES;
				IPHONEOS_DEPLOYMENT_TARGET = 9.1;
				MTL_ENABLE_DEBUG_INFO = YES;
				ONLY_ACTIVE_ARCH = YES;
				SDKROOT = iphoneos;
				SWIFT_OPTIMIZATION_LEVEL = "-Onone";
				TARGETED_DEVICE_FAMILY = "1,2";
			};
			name = Debug;
		};
		1C1699C91BF6623300339DF4 /* Release */ = {
			isa = XCBuildConfiguration;
			buildSettings = {
				ALWAYS_SEARCH_USER_PATHS = NO;
				CLANG_CXX_LANGUAGE_STANDARD = "gnu++0x";
				CLANG_CXX_LIBRARY = "libc++";
				CLANG_ENABLE_MODULES = YES;
				CLANG_ENABLE_OBJC_ARC = YES;
				CLANG_WARN_BOOL_CONVERSION = YES;
				CLANG_WARN_CONSTANT_CONVERSION = YES;
				CLANG_WARN_DIRECT_OBJC_ISA_USAGE = YES_ERROR;
				CLANG_WARN_EMPTY_BODY = YES;
				CLANG_WARN_ENUM_CONVERSION = YES;
				CLANG_WARN_INT_CONVERSION = YES;
				CLANG_WARN_OBJC_ROOT_CLASS = YES_ERROR;
				CLANG_WARN_UNREACHABLE_CODE = YES;
				CLANG_WARN__DUPLICATE_METHOD_MATCH = YES;
				"CODE_SIGN_IDENTITY[sdk=iphoneos*]" = "iPhone Developer";
				COPY_PHASE_STRIP = NO;
				DEBUG_INFORMATION_FORMAT = "dwarf-with-dsym";
				ENABLE_NS_ASSERTIONS = NO;
				ENABLE_STRICT_OBJC_MSGSEND = YES;
				GCC_C_LANGUAGE_STANDARD = gnu99;
				GCC_NO_COMMON_BLOCKS = YES;
				GCC_WARN_64_TO_32_BIT_CONVERSION = YES;
				GCC_WARN_ABOUT_RETURN_TYPE = YES_ERROR;
				GCC_WARN_UNDECLARED_SELECTOR = YES;
				GCC_WARN_UNINITIALIZED_AUTOS = YES_AGGRESSIVE;
				GCC_WARN_UNUSED_FUNCTION = YES;
				GCC_WARN_UNUSED_VARIABLE = YES;
				IPHONEOS_DEPLOYMENT_TARGET = 9.1;
				MTL_ENABLE_DEBUG_INFO = NO;
				SDKROOT = iphoneos;
				TARGETED_DEVICE_FAMILY = "1,2";
				VALIDATE_PRODUCT = YES;
			};
			name = Release;
		};
		1C1699CB1BF6623300339DF4 /* Debug */ = {
			isa = XCBuildConfiguration;
			baseConfigurationReference = 08FF4725F9908413608468CC /* Pods.debug.xcconfig */;
			buildSettings = {
				ASSETCATALOG_COMPILER_APPICON_NAME = AppIcon;
				ASSETCATALOG_COMPILER_LAUNCHIMAGE_NAME = LaunchImage;
				CODE_SIGN_IDENTITY = "iPhone Developer";
				INFOPLIST_FILE = TourMap/Info.plist;
				IPHONEOS_DEPLOYMENT_TARGET = 8.0;
				LD_RUNPATH_SEARCH_PATHS = "$(inherited) @executable_path/Frameworks";
				PRODUCT_BUNDLE_IDENTIFIER = tw.soleil.TourMap;
				PRODUCT_NAME = "$(TARGET_NAME)";
				SWIFT_OBJC_BRIDGING_HEADER = "$(SRCROOT)/TourMap/TourMap-Briding-Header.h";
			};
			name = Debug;
		};
		1C1699CC1BF6623300339DF4 /* Release */ = {
			isa = XCBuildConfiguration;
			baseConfigurationReference = 6F1596E94FDC6764EBA705B6 /* Pods.release.xcconfig */;
			buildSettings = {
				ASSETCATALOG_COMPILER_APPICON_NAME = AppIcon;
				ASSETCATALOG_COMPILER_LAUNCHIMAGE_NAME = LaunchImage;
				CODE_SIGN_IDENTITY = "iPhone Developer";
				INFOPLIST_FILE = TourMap/Info.plist;
				IPHONEOS_DEPLOYMENT_TARGET = 8.0;
				LD_RUNPATH_SEARCH_PATHS = "$(inherited) @executable_path/Frameworks";
				PRODUCT_BUNDLE_IDENTIFIER = tw.soleil.TourMap;
				PRODUCT_NAME = "$(TARGET_NAME)";
				SWIFT_OBJC_BRIDGING_HEADER = "$(SRCROOT)/TourMap/TourMap-Briding-Header.h";
			};
			name = Release;
		};
		1C1699CE1BF6623300339DF4 /* Debug */ = {
			isa = XCBuildConfiguration;
			buildSettings = {
				BUNDLE_LOADER = "$(TEST_HOST)";
				INFOPLIST_FILE = TourMapTests/Info.plist;
				LD_RUNPATH_SEARCH_PATHS = "$(inherited) @executable_path/Frameworks @loader_path/Frameworks";
				PRODUCT_BUNDLE_IDENTIFIER = tw.soleil.TourMapTests;
				PRODUCT_NAME = "$(TARGET_NAME)";
				TEST_HOST = "$(BUILT_PRODUCTS_DIR)/TourMap.app/TourMap";
			};
			name = Debug;
		};
		1C1699CF1BF6623300339DF4 /* Release */ = {
			isa = XCBuildConfiguration;
			buildSettings = {
				BUNDLE_LOADER = "$(TEST_HOST)";
				INFOPLIST_FILE = TourMapTests/Info.plist;
				LD_RUNPATH_SEARCH_PATHS = "$(inherited) @executable_path/Frameworks @loader_path/Frameworks";
				PRODUCT_BUNDLE_IDENTIFIER = tw.soleil.TourMapTests;
				PRODUCT_NAME = "$(TARGET_NAME)";
				TEST_HOST = "$(BUILT_PRODUCTS_DIR)/TourMap.app/TourMap";
			};
			name = Release;
		};
		1C1699D11BF6623300339DF4 /* Debug */ = {
			isa = XCBuildConfiguration;
			buildSettings = {
				INFOPLIST_FILE = TourMapUITests/Info.plist;
				LD_RUNPATH_SEARCH_PATHS = "$(inherited) @executable_path/Frameworks @loader_path/Frameworks";
				PRODUCT_BUNDLE_IDENTIFIER = tw.soleil.TourMapUITests;
				PRODUCT_NAME = "$(TARGET_NAME)";
				TEST_TARGET_NAME = TourMap;
				USES_XCTRUNNER = YES;
			};
			name = Debug;
		};
		1C1699D21BF6623300339DF4 /* Release */ = {
			isa = XCBuildConfiguration;
			buildSettings = {
				INFOPLIST_FILE = TourMapUITests/Info.plist;
				LD_RUNPATH_SEARCH_PATHS = "$(inherited) @executable_path/Frameworks @loader_path/Frameworks";
				PRODUCT_BUNDLE_IDENTIFIER = tw.soleil.TourMapUITests;
				PRODUCT_NAME = "$(TARGET_NAME)";
				TEST_TARGET_NAME = TourMap;
				USES_XCTRUNNER = YES;
			};
			name = Release;
		};
/* End XCBuildConfiguration section */

/* Begin XCConfigurationList section */
		1C16999D1BF6623300339DF4 /* Build configuration list for PBXProject "TourMap" */ = {
			isa = XCConfigurationList;
			buildConfigurations = (
				1C1699C81BF6623300339DF4 /* Debug */,
				1C1699C91BF6623300339DF4 /* Release */,
			);
			defaultConfigurationIsVisible = 0;
			defaultConfigurationName = Release;
		};
		1C1699CA1BF6623300339DF4 /* Build configuration list for PBXNativeTarget "TourMap" */ = {
			isa = XCConfigurationList;
			buildConfigurations = (
				1C1699CB1BF6623300339DF4 /* Debug */,
				1C1699CC1BF6623300339DF4 /* Release */,
			);
			defaultConfigurationIsVisible = 0;
			defaultConfigurationName = Release;
		};
		1C1699CD1BF6623300339DF4 /* Build configuration list for PBXNativeTarget "TourMapTests" */ = {
			isa = XCConfigurationList;
			buildConfigurations = (
				1C1699CE1BF6623300339DF4 /* Debug */,
				1C1699CF1BF6623300339DF4 /* Release */,
			);
			defaultConfigurationIsVisible = 0;
			defaultConfigurationName = Release;
		};
		1C1699D01BF6623300339DF4 /* Build configuration list for PBXNativeTarget "TourMapUITests" */ = {
			isa = XCConfigurationList;
			buildConfigurations = (
				1C1699D11BF6623300339DF4 /* Debug */,
				1C1699D21BF6623300339DF4 /* Release */,
			);
			defaultConfigurationIsVisible = 0;
			defaultConfigurationName = Release;
		};
/* End XCConfigurationList section */
	};
	rootObject = 1C16999A1BF6623300339DF4 /* Project object */;
}
